// !$*UTF8*$!
{
	archiveVersion = 1;
	classes = {
	};
	objectVersion = 54;
	objects = {

/* Begin PBXBuildFile section */
		9F17EA1928F2F80800E3D620 /* AppDelegate.swift in Sources */ = {isa = PBXBuildFile; fileRef = 9F17EA1828F2F80800E3D620 /* AppDelegate.swift */; };
		9F17EA1B28F2F80800E3D620 /* SceneDelegate.swift in Sources */ = {isa = PBXBuildFile; fileRef = 9F17EA1A28F2F80800E3D620 /* SceneDelegate.swift */; };
		9F17EA1D28F2F80800E3D620 /* ViewController.swift in Sources */ = {isa = PBXBuildFile; fileRef = 9F17EA1C28F2F80800E3D620 /* ViewController.swift */; };
		9F17EA2028F2F80800E3D620 /* Main.storyboard in Resources */ = {isa = PBXBuildFile; fileRef = 9F17EA1E28F2F80800E3D620 /* Main.storyboard */; };
		9F17EA2328F2F80800E3D620 /* DNSServiceFinder.xcdatamodeld in Sources */ = {isa = PBXBuildFile; fileRef = 9F17EA2128F2F80800E3D620 /* DNSServiceFinder.xcdatamodeld */; };
		9F17EA2528F2F80900E3D620 /* Assets.xcassets in Resources */ = {isa = PBXBuildFile; fileRef = 9F17EA2428F2F80900E3D620 /* Assets.xcassets */; };
		9F17EA2828F2F80900E3D620 /* LaunchScreen.storyboard in Resources */ = {isa = PBXBuildFile; fileRef = 9F17EA2628F2F80900E3D620 /* LaunchScreen.storyboard */; };
		9F17EA3328F2F80A00E3D620 /* DNSServiceFinderTests.swift in Sources */ = {isa = PBXBuildFile; fileRef = 9F17EA3228F2F80A00E3D620 /* DNSServiceFinderTests.swift */; };
		9F17EA3D28F2F80A00E3D620 /* DNSServiceFinderUITests.swift in Sources */ = {isa = PBXBuildFile; fileRef = 9F17EA3C28F2F80A00E3D620 /* DNSServiceFinderUITests.swift */; };
		9F17EA3F28F2F80A00E3D620 /* DNSServiceFinderUITestsLaunchTests.swift in Sources */ = {isa = PBXBuildFile; fileRef = 9F17EA3E28F2F80A00E3D620 /* DNSServiceFinderUITestsLaunchTests.swift */; };
		9FA3208928F3042B0098B886 /* PublishViewController.swift in Sources */ = {isa = PBXBuildFile; fileRef = 9FA3208828F3042B0098B886 /* PublishViewController.swift */; };
		9FA3208B28F304420098B886 /* ScanViewController.swift in Sources */ = {isa = PBXBuildFile; fileRef = 9FA3208A28F304420098B886 /* ScanViewController.swift */; };
		9FA8795A28F30C5F000E6265 /* ScanTableViewCell.swift in Sources */ = {isa = PBXBuildFile; fileRef = 9FA8795928F30C5F000E6265 /* ScanTableViewCell.swift */; };
		9FFA8FA028F31303000BADF3 /* KeyConstant.swift in Sources */ = {isa = PBXBuildFile; fileRef = 9FFA8F9F28F31303000BADF3 /* KeyConstant.swift */; };
		B5B8DED2CFA0AABA28C2172A /* Pods_DNSServiceFinder.framework in Frameworks */ = {isa = PBXBuildFile; fileRef = 788C63AB8B41CF17801047D0 /* Pods_DNSServiceFinder.framework */; };
		CC1F2EE70EA0CB2BDD1B6A5E /* Pods_DNSServiceFinder_DNSServiceFinderUITests.framework in Frameworks */ = {isa = PBXBuildFile; fileRef = BDDF21C8FE94A7090B86EB0F /* Pods_DNSServiceFinder_DNSServiceFinderUITests.framework */; };
		E6F2632E8ADF8732A7082440 /* Pods_DNSServiceFinderTests.framework in Frameworks */ = {isa = PBXBuildFile; fileRef = 548B9496341AA8EAB7B782DC /* Pods_DNSServiceFinderTests.framework */; };
/* End PBXBuildFile section */

/* Begin PBXContainerItemProxy section */
		9F17EA2F28F2F80900E3D620 /* PBXContainerItemProxy */ = {
			isa = PBXContainerItemProxy;
			containerPortal = 9F17EA0D28F2F80800E3D620 /* Project object */;
			proxyType = 1;
			remoteGlobalIDString = 9F17EA1428F2F80800E3D620;
			remoteInfo = DNSServiceFinder;
		};
		9F17EA3928F2F80A00E3D620 /* PBXContainerItemProxy */ = {
			isa = PBXContainerItemProxy;
			containerPortal = 9F17EA0D28F2F80800E3D620 /* Project object */;
			proxyType = 1;
			remoteGlobalIDString = 9F17EA1428F2F80800E3D620;
			remoteInfo = DNSServiceFinder;
		};
/* End PBXContainerItemProxy section */

/* Begin PBXFileReference section */
		16FB1E7F2A2A3E2CF0658DE5 /* Pods-DNSServiceFinderTests.debug.xcconfig */ = {isa = PBXFileReference; includeInIndex = 1; lastKnownFileType = text.xcconfig; name = "Pods-DNSServiceFinderTests.debug.xcconfig"; path = "Target Support Files/Pods-DNSServiceFinderTests/Pods-DNSServiceFinderTests.debug.xcconfig"; sourceTree = "<group>"; };
		1D673FF04C3275CDD74FF5F0 /* Pods-DNSServiceFinder.release.xcconfig */ = {isa = PBXFileReference; includeInIndex = 1; lastKnownFileType = text.xcconfig; name = "Pods-DNSServiceFinder.release.xcconfig"; path = "Target Support Files/Pods-DNSServiceFinder/Pods-DNSServiceFinder.release.xcconfig"; sourceTree = "<group>"; };
		548B9496341AA8EAB7B782DC /* Pods_DNSServiceFinderTests.framework */ = {isa = PBXFileReference; explicitFileType = wrapper.framework; includeInIndex = 0; path = Pods_DNSServiceFinderTests.framework; sourceTree = BUILT_PRODUCTS_DIR; };
		711EA25F2B5992EF56CF3AE1 /* Pods-DNSServiceFinder-DNSServiceFinderUITests.debug.xcconfig */ = {isa = PBXFileReference; includeInIndex = 1; lastKnownFileType = text.xcconfig; name = "Pods-DNSServiceFinder-DNSServiceFinderUITests.debug.xcconfig"; path = "Target Support Files/Pods-DNSServiceFinder-DNSServiceFinderUITests/Pods-DNSServiceFinder-DNSServiceFinderUITests.debug.xcconfig"; sourceTree = "<group>"; };
		788C63AB8B41CF17801047D0 /* Pods_DNSServiceFinder.framework */ = {isa = PBXFileReference; explicitFileType = wrapper.framework; includeInIndex = 0; path = Pods_DNSServiceFinder.framework; sourceTree = BUILT_PRODUCTS_DIR; };
		7A8824AD94922C700E562887 /* Pods-DNSServiceFinderTests.release.xcconfig */ = {isa = PBXFileReference; includeInIndex = 1; lastKnownFileType = text.xcconfig; name = "Pods-DNSServiceFinderTests.release.xcconfig"; path = "Target Support Files/Pods-DNSServiceFinderTests/Pods-DNSServiceFinderTests.release.xcconfig"; sourceTree = "<group>"; };
		9F17EA1528F2F80800E3D620 /* DNSServiceFinder.app */ = {isa = PBXFileReference; explicitFileType = wrapper.application; includeInIndex = 0; path = DNSServiceFinder.app; sourceTree = BUILT_PRODUCTS_DIR; };
		9F17EA1828F2F80800E3D620 /* AppDelegate.swift */ = {isa = PBXFileReference; lastKnownFileType = sourcecode.swift; path = AppDelegate.swift; sourceTree = "<group>"; };
		9F17EA1A28F2F80800E3D620 /* SceneDelegate.swift */ = {isa = PBXFileReference; lastKnownFileType = sourcecode.swift; path = SceneDelegate.swift; sourceTree = "<group>"; };
		9F17EA1C28F2F80800E3D620 /* ViewController.swift */ = {isa = PBXFileReference; lastKnownFileType = sourcecode.swift; path = ViewController.swift; sourceTree = "<group>"; };
		9F17EA1F28F2F80800E3D620 /* Base */ = {isa = PBXFileReference; lastKnownFileType = file.storyboard; name = Base; path = Base.lproj/Main.storyboard; sourceTree = "<group>"; };
		9F17EA2228F2F80800E3D620 /* DNSServiceFinder.xcdatamodel */ = {isa = PBXFileReference; lastKnownFileType = wrapper.xcdatamodel; path = DNSServiceFinder.xcdatamodel; sourceTree = "<group>"; };
		9F17EA2428F2F80900E3D620 /* Assets.xcassets */ = {isa = PBXFileReference; lastKnownFileType = folder.assetcatalog; path = Assets.xcassets; sourceTree = "<group>"; };
		9F17EA2728F2F80900E3D620 /* Base */ = {isa = PBXFileReference; lastKnownFileType = file.storyboard; name = Base; path = Base.lproj/LaunchScreen.storyboard; sourceTree = "<group>"; };
		9F17EA2928F2F80900E3D620 /* Info.plist */ = {isa = PBXFileReference; lastKnownFileType = text.plist.xml; path = Info.plist; sourceTree = "<group>"; };
		9F17EA2E28F2F80900E3D620 /* DNSServiceFinderTests.xctest */ = {isa = PBXFileReference; explicitFileType = wrapper.cfbundle; includeInIndex = 0; path = DNSServiceFinderTests.xctest; sourceTree = BUILT_PRODUCTS_DIR; };
		9F17EA3228F2F80A00E3D620 /* DNSServiceFinderTests.swift */ = {isa = PBXFileReference; lastKnownFileType = sourcecode.swift; path = DNSServiceFinderTests.swift; sourceTree = "<group>"; };
		9F17EA3828F2F80A00E3D620 /* DNSServiceFinderUITests.xctest */ = {isa = PBXFileReference; explicitFileType = wrapper.cfbundle; includeInIndex = 0; path = DNSServiceFinderUITests.xctest; sourceTree = BUILT_PRODUCTS_DIR; };
		9F17EA3C28F2F80A00E3D620 /* DNSServiceFinderUITests.swift */ = {isa = PBXFileReference; lastKnownFileType = sourcecode.swift; path = DNSServiceFinderUITests.swift; sourceTree = "<group>"; };
		9F17EA3E28F2F80A00E3D620 /* DNSServiceFinderUITestsLaunchTests.swift */ = {isa = PBXFileReference; lastKnownFileType = sourcecode.swift; path = DNSServiceFinderUITestsLaunchTests.swift; sourceTree = "<group>"; };
		9FA3208828F3042B0098B886 /* PublishViewController.swift */ = {isa = PBXFileReference; lastKnownFileType = sourcecode.swift; path = PublishViewController.swift; sourceTree = "<group>"; };
		9FA3208A28F304420098B886 /* ScanViewController.swift */ = {isa = PBXFileReference; lastKnownFileType = sourcecode.swift; path = ScanViewController.swift; sourceTree = "<group>"; };
		9FA8795928F30C5F000E6265 /* ScanTableViewCell.swift */ = {isa = PBXFileReference; lastKnownFileType = sourcecode.swift; path = ScanTableViewCell.swift; sourceTree = "<group>"; };
		9FFA8F9F28F31303000BADF3 /* KeyConstant.swift */ = {isa = PBXFileReference; lastKnownFileType = sourcecode.swift; path = KeyConstant.swift; sourceTree = "<group>"; };
		AD5CB36F9A5E05A9AC0ABC5B /* Pods-DNSServiceFinder.debug.xcconfig */ = {isa = PBXFileReference; includeInIndex = 1; lastKnownFileType = text.xcconfig; name = "Pods-DNSServiceFinder.debug.xcconfig"; path = "Target Support Files/Pods-DNSServiceFinder/Pods-DNSServiceFinder.debug.xcconfig"; sourceTree = "<group>"; };
		BDDF21C8FE94A7090B86EB0F /* Pods_DNSServiceFinder_DNSServiceFinderUITests.framework */ = {isa = PBXFileReference; explicitFileType = wrapper.framework; includeInIndex = 0; path = Pods_DNSServiceFinder_DNSServiceFinderUITests.framework; sourceTree = BUILT_PRODUCTS_DIR; };
		E50E1E47C1EB97AD1D38E76B /* Pods-DNSServiceFinder-DNSServiceFinderUITests.release.xcconfig */ = {isa = PBXFileReference; includeInIndex = 1; lastKnownFileType = text.xcconfig; name = "Pods-DNSServiceFinder-DNSServiceFinderUITests.release.xcconfig"; path = "Target Support Files/Pods-DNSServiceFinder-DNSServiceFinderUITests/Pods-DNSServiceFinder-DNSServiceFinderUITests.release.xcconfig"; sourceTree = "<group>"; };
/* End PBXFileReference section */

/* Begin PBXFrameworksBuildPhase section */
		9F17EA1228F2F80800E3D620 /* Frameworks */ = {
			isa = PBXFrameworksBuildPhase;
			buildActionMask = 2147483647;
			files = (
				B5B8DED2CFA0AABA28C2172A /* Pods_DNSServiceFinder.framework in Frameworks */,
			);
			runOnlyForDeploymentPostprocessing = 0;
		};
		9F17EA2B28F2F80900E3D620 /* Frameworks */ = {
			isa = PBXFrameworksBuildPhase;
			buildActionMask = 2147483647;
			files = (
				E6F2632E8ADF8732A7082440 /* Pods_DNSServiceFinderTests.framework in Frameworks */,
			);
			runOnlyForDeploymentPostprocessing = 0;
		};
		9F17EA3528F2F80A00E3D620 /* Frameworks */ = {
			isa = PBXFrameworksBuildPhase;
			buildActionMask = 2147483647;
			files = (
				CC1F2EE70EA0CB2BDD1B6A5E /* Pods_DNSServiceFinder_DNSServiceFinderUITests.framework in Frameworks */,
			);
			runOnlyForDeploymentPostprocessing = 0;
		};
/* End PBXFrameworksBuildPhase section */

/* Begin PBXGroup section */
		9F17EA0C28F2F80800E3D620 = {
			isa = PBXGroup;
			children = (
				9F17EA1728F2F80800E3D620 /* DNSServiceFinder */,
				9F17EA3128F2F80A00E3D620 /* DNSServiceFinderTests */,
				9F17EA3B28F2F80A00E3D620 /* DNSServiceFinderUITests */,
				9F17EA1628F2F80800E3D620 /* Products */,
				FC181C45C90157F871028FF5 /* Pods */,
				D8DE0B4718CFEDB8F221F13B /* Frameworks */,
			);
			sourceTree = "<group>";
		};
		9F17EA1628F2F80800E3D620 /* Products */ = {
			isa = PBXGroup;
			children = (
				9F17EA1528F2F80800E3D620 /* DNSServiceFinder.app */,
				9F17EA2E28F2F80900E3D620 /* DNSServiceFinderTests.xctest */,
				9F17EA3828F2F80A00E3D620 /* DNSServiceFinderUITests.xctest */,
			);
			name = Products;
			sourceTree = "<group>";
		};
		9F17EA1728F2F80800E3D620 /* DNSServiceFinder */ = {
			isa = PBXGroup;
			children = (
				9FFA8F9E28F312DB000BADF3 /* Constants */,
				9F17EA1828F2F80800E3D620 /* AppDelegate.swift */,
				9F17EA1A28F2F80800E3D620 /* SceneDelegate.swift */,
				9F17EA1E28F2F80800E3D620 /* Main.storyboard */,
				9F17EA2428F2F80900E3D620 /* Assets.xcassets */,
				9F17EA2628F2F80900E3D620 /* LaunchScreen.storyboard */,
				9F17EA2928F2F80900E3D620 /* Info.plist */,
				9FA8795B28F30D03000E6265 /* ContainerView */,
				9F17EA2128F2F80800E3D620 /* DNSServiceFinder.xcdatamodeld */,
			);
			path = DNSServiceFinder;
			sourceTree = "<group>";
		};
		9F17EA3128F2F80A00E3D620 /* DNSServiceFinderTests */ = {
			isa = PBXGroup;
			children = (
				9F17EA3228F2F80A00E3D620 /* DNSServiceFinderTests.swift */,
			);
			path = DNSServiceFinderTests;
			sourceTree = "<group>";
		};
		9F17EA3B28F2F80A00E3D620 /* DNSServiceFinderUITests */ = {
			isa = PBXGroup;
			children = (
				9F17EA3C28F2F80A00E3D620 /* DNSServiceFinderUITests.swift */,
				9F17EA3E28F2F80A00E3D620 /* DNSServiceFinderUITestsLaunchTests.swift */,
			);
			path = DNSServiceFinderUITests;
			sourceTree = "<group>";
		};
		9F419FD628F48B2000469336 /* PublisherChildView */ = {
			isa = PBXGroup;
			children = (
				9FA3208828F3042B0098B886 /* PublishViewController.swift */,
			);
			path = PublisherChildView;
			sourceTree = "<group>";
		};
		9F419FD728F48B3900469336 /* ScannerChildView */ = {
			isa = PBXGroup;
			children = (
				9FA3208A28F304420098B886 /* ScanViewController.swift */,
				9FA8795928F30C5F000E6265 /* ScanTableViewCell.swift */,
			);
			path = ScannerChildView;
			sourceTree = "<group>";
		};
		9FA8795B28F30D03000E6265 /* ContainerView */ = {
			isa = PBXGroup;
			children = (
				9F17EA1C28F2F80800E3D620 /* ViewController.swift */,
				9F419FD728F48B3900469336 /* ScannerChildView */,
				9F419FD628F48B2000469336 /* PublisherChildView */,
			);
			path = ContainerView;
			sourceTree = "<group>";
		};
		9FFA8F9E28F312DB000BADF3 /* Constants */ = {
			isa = PBXGroup;
			children = (
				9FFA8F9F28F31303000BADF3 /* KeyConstant.swift */,
			);
			path = Constants;
			sourceTree = "<group>";
		};
		D8DE0B4718CFEDB8F221F13B /* Frameworks */ = {
			isa = PBXGroup;
			children = (
				788C63AB8B41CF17801047D0 /* Pods_DNSServiceFinder.framework */,
				BDDF21C8FE94A7090B86EB0F /* Pods_DNSServiceFinder_DNSServiceFinderUITests.framework */,
				548B9496341AA8EAB7B782DC /* Pods_DNSServiceFinderTests.framework */,
			);
			name = Frameworks;
			sourceTree = "<group>";
		};
		FC181C45C90157F871028FF5 /* Pods */ = {
			isa = PBXGroup;
			children = (
				AD5CB36F9A5E05A9AC0ABC5B /* Pods-DNSServiceFinder.debug.xcconfig */,
				1D673FF04C3275CDD74FF5F0 /* Pods-DNSServiceFinder.release.xcconfig */,
				711EA25F2B5992EF56CF3AE1 /* Pods-DNSServiceFinder-DNSServiceFinderUITests.debug.xcconfig */,
				E50E1E47C1EB97AD1D38E76B /* Pods-DNSServiceFinder-DNSServiceFinderUITests.release.xcconfig */,
				16FB1E7F2A2A3E2CF0658DE5 /* Pods-DNSServiceFinderTests.debug.xcconfig */,
				7A8824AD94922C700E562887 /* Pods-DNSServiceFinderTests.release.xcconfig */,
			);
			path = Pods;
			sourceTree = "<group>";
		};
/* End PBXGroup section */

/* Begin PBXNativeTarget section */
		9F17EA1428F2F80800E3D620 /* DNSServiceFinder */ = {
			isa = PBXNativeTarget;
			buildConfigurationList = 9F17EA4228F2F80A00E3D620 /* Build configuration list for PBXNativeTarget "DNSServiceFinder" */;
			buildPhases = (
				8D7D4C59A0684AF472430A35 /* [CP] Check Pods Manifest.lock */,
				9F17EA1128F2F80800E3D620 /* Sources */,
				9F17EA1228F2F80800E3D620 /* Frameworks */,
				9F17EA1328F2F80800E3D620 /* Resources */,
			);
			buildRules = (
			);
			dependencies = (
			);
			name = DNSServiceFinder;
			productName = DNSServiceFinder;
			productReference = 9F17EA1528F2F80800E3D620 /* DNSServiceFinder.app */;
			productType = "com.apple.product-type.application";
		};
		9F17EA2D28F2F80900E3D620 /* DNSServiceFinderTests */ = {
			isa = PBXNativeTarget;
			buildConfigurationList = 9F17EA4528F2F80A00E3D620 /* Build configuration list for PBXNativeTarget "DNSServiceFinderTests" */;
			buildPhases = (
				2629DB13C513D68F9C3F52BC /* [CP] Check Pods Manifest.lock */,
				9F17EA2A28F2F80900E3D620 /* Sources */,
				9F17EA2B28F2F80900E3D620 /* Frameworks */,
				9F17EA2C28F2F80900E3D620 /* Resources */,
			);
			buildRules = (
			);
			dependencies = (
				9F17EA3028F2F80900E3D620 /* PBXTargetDependency */,
			);
			name = DNSServiceFinderTests;
			productName = DNSServiceFinderTests;
			productReference = 9F17EA2E28F2F80900E3D620 /* DNSServiceFinderTests.xctest */;
			productType = "com.apple.product-type.bundle.unit-test";
		};
		9F17EA3728F2F80A00E3D620 /* DNSServiceFinderUITests */ = {
			isa = PBXNativeTarget;
			buildConfigurationList = 9F17EA4828F2F80A00E3D620 /* Build configuration list for PBXNativeTarget "DNSServiceFinderUITests" */;
			buildPhases = (
				BFAA4A26C7FB5BED82BE1550 /* [CP] Check Pods Manifest.lock */,
				9F17EA3428F2F80A00E3D620 /* Sources */,
				9F17EA3528F2F80A00E3D620 /* Frameworks */,
				9F17EA3628F2F80A00E3D620 /* Resources */,
			);
			buildRules = (
			);
			dependencies = (
				9F17EA3A28F2F80A00E3D620 /* PBXTargetDependency */,
			);
			name = DNSServiceFinderUITests;
			productName = DNSServiceFinderUITests;
			productReference = 9F17EA3828F2F80A00E3D620 /* DNSServiceFinderUITests.xctest */;
			productType = "com.apple.product-type.bundle.ui-testing";
		};
/* End PBXNativeTarget section */

/* Begin PBXProject section */
		9F17EA0D28F2F80800E3D620 /* Project object */ = {
			isa = PBXProject;
			attributes = {
				BuildIndependentTargetsInParallel = 1;
				LastSwiftUpdateCheck = 1400;
				LastUpgradeCheck = 1400;
				TargetAttributes = {
					9F17EA1428F2F80800E3D620 = {
						CreatedOnToolsVersion = 14.0.1;
					};
					9F17EA2D28F2F80900E3D620 = {
						CreatedOnToolsVersion = 14.0.1;
						TestTargetID = 9F17EA1428F2F80800E3D620;
					};
					9F17EA3728F2F80A00E3D620 = {
						CreatedOnToolsVersion = 14.0.1;
						TestTargetID = 9F17EA1428F2F80800E3D620;
					};
				};
			};
			buildConfigurationList = 9F17EA1028F2F80800E3D620 /* Build configuration list for PBXProject "DNSServiceFinder" */;
			compatibilityVersion = "Xcode 12.0";
			developmentRegion = en;
			hasScannedForEncodings = 0;
			knownRegions = (
				en,
				Base,
			);
			mainGroup = 9F17EA0C28F2F80800E3D620;
			productRefGroup = 9F17EA1628F2F80800E3D620 /* Products */;
			projectDirPath = "";
			projectRoot = "";
			targets = (
				9F17EA1428F2F80800E3D620 /* DNSServiceFinder */,
				9F17EA2D28F2F80900E3D620 /* DNSServiceFinderTests */,
				9F17EA3728F2F80A00E3D620 /* DNSServiceFinderUITests */,
			);
		};
/* End PBXProject section */

/* Begin PBXResourcesBuildPhase section */
		9F17EA1328F2F80800E3D620 /* Resources */ = {
			isa = PBXResourcesBuildPhase;
			buildActionMask = 2147483647;
			files = (
				9F17EA2828F2F80900E3D620 /* LaunchScreen.storyboard in Resources */,
				9F17EA2528F2F80900E3D620 /* Assets.xcassets in Resources */,
				9F17EA2028F2F80800E3D620 /* Main.storyboard in Resources */,
			);
			runOnlyForDeploymentPostprocessing = 0;
		};
		9F17EA2C28F2F80900E3D620 /* Resources */ = {
			isa = PBXResourcesBuildPhase;
			buildActionMask = 2147483647;
			files = (
			);
			runOnlyForDeploymentPostprocessing = 0;
		};
		9F17EA3628F2F80A00E3D620 /* Resources */ = {
			isa = PBXResourcesBuildPhase;
			buildActionMask = 2147483647;
			files = (
			);
			runOnlyForDeploymentPostprocessing = 0;
		};
/* End PBXResourcesBuildPhase section */

/* Begin PBXShellScriptBuildPhase section */
		2629DB13C513D68F9C3F52BC /* [CP] Check Pods Manifest.lock */ = {
			isa = PBXShellScriptBuildPhase;
			buildActionMask = 2147483647;
			files = (
			);
			inputFileListPaths = (
			);
			inputPaths = (
				"${PODS_PODFILE_DIR_PATH}/Podfile.lock",
				"${PODS_ROOT}/Manifest.lock",
			);
			name = "[CP] Check Pods Manifest.lock";
			outputFileListPaths = (
			);
			outputPaths = (
				"$(DERIVED_FILE_DIR)/Pods-DNSServiceFinderTests-checkManifestLockResult.txt",
			);
			runOnlyForDeploymentPostprocessing = 0;
			shellPath = /bin/sh;
			shellScript = "diff \"${PODS_PODFILE_DIR_PATH}/Podfile.lock\" \"${PODS_ROOT}/Manifest.lock\" > /dev/null\nif [ $? != 0 ] ; then\n    # print error to STDERR\n    echo \"error: The sandbox is not in sync with the Podfile.lock. Run 'pod install' or update your CocoaPods installation.\" >&2\n    exit 1\nfi\n# This output is used by Xcode 'outputs' to avoid re-running this script phase.\necho \"SUCCESS\" > \"${SCRIPT_OUTPUT_FILE_0}\"\n";
			showEnvVarsInLog = 0;
		};
		8D7D4C59A0684AF472430A35 /* [CP] Check Pods Manifest.lock */ = {
			isa = PBXShellScriptBuildPhase;
			buildActionMask = 2147483647;
			files = (
			);
			inputFileListPaths = (
			);
			inputPaths = (
				"${PODS_PODFILE_DIR_PATH}/Podfile.lock",
				"${PODS_ROOT}/Manifest.lock",
			);
			name = "[CP] Check Pods Manifest.lock";
			outputFileListPaths = (
			);
			outputPaths = (
				"$(DERIVED_FILE_DIR)/Pods-DNSServiceFinder-checkManifestLockResult.txt",
			);
			runOnlyForDeploymentPostprocessing = 0;
			shellPath = /bin/sh;
			shellScript = "diff \"${PODS_PODFILE_DIR_PATH}/Podfile.lock\" \"${PODS_ROOT}/Manifest.lock\" > /dev/null\nif [ $? != 0 ] ; then\n    # print error to STDERR\n    echo \"error: The sandbox is not in sync with the Podfile.lock. Run 'pod install' or update your CocoaPods installation.\" >&2\n    exit 1\nfi\n# This output is used by Xcode 'outputs' to avoid re-running this script phase.\necho \"SUCCESS\" > \"${SCRIPT_OUTPUT_FILE_0}\"\n";
			showEnvVarsInLog = 0;
		};
		BFAA4A26C7FB5BED82BE1550 /* [CP] Check Pods Manifest.lock */ = {
			isa = PBXShellScriptBuildPhase;
			buildActionMask = 2147483647;
			files = (
			);
			inputFileListPaths = (
			);
			inputPaths = (
				"${PODS_PODFILE_DIR_PATH}/Podfile.lock",
				"${PODS_ROOT}/Manifest.lock",
			);
			name = "[CP] Check Pods Manifest.lock";
			outputFileListPaths = (
			);
			outputPaths = (
				"$(DERIVED_FILE_DIR)/Pods-DNSServiceFinder-DNSServiceFinderUITests-checkManifestLockResult.txt",
			);
			runOnlyForDeploymentPostprocessing = 0;
			shellPath = /bin/sh;
			shellScript = "diff \"${PODS_PODFILE_DIR_PATH}/Podfile.lock\" \"${PODS_ROOT}/Manifest.lock\" > /dev/null\nif [ $? != 0 ] ; then\n    # print error to STDERR\n    echo \"error: The sandbox is not in sync with the Podfile.lock. Run 'pod install' or update your CocoaPods installation.\" >&2\n    exit 1\nfi\n# This output is used by Xcode 'outputs' to avoid re-running this script phase.\necho \"SUCCESS\" > \"${SCRIPT_OUTPUT_FILE_0}\"\n";
			showEnvVarsInLog = 0;
		};
/* End PBXShellScriptBuildPhase section */

/* Begin PBXSourcesBuildPhase section */
		9F17EA1128F2F80800E3D620 /* Sources */ = {
			isa = PBXSourcesBuildPhase;
			buildActionMask = 2147483647;
			files = (
				9FA3208928F3042B0098B886 /* PublishViewController.swift in Sources */,
				9F17EA1D28F2F80800E3D620 /* ViewController.swift in Sources */,
				9F17EA1928F2F80800E3D620 /* AppDelegate.swift in Sources */,
				9F17EA1B28F2F80800E3D620 /* SceneDelegate.swift in Sources */,
				9F17EA2328F2F80800E3D620 /* DNSServiceFinder.xcdatamodeld in Sources */,
				9FA8795A28F30C5F000E6265 /* ScanTableViewCell.swift in Sources */,
				9FFA8FA028F31303000BADF3 /* KeyConstant.swift in Sources */,
				9FA3208B28F304420098B886 /* ScanViewController.swift in Sources */,
			);
			runOnlyForDeploymentPostprocessing = 0;
		};
		9F17EA2A28F2F80900E3D620 /* Sources */ = {
			isa = PBXSourcesBuildPhase;
			buildActionMask = 2147483647;
			files = (
				9F17EA3328F2F80A00E3D620 /* DNSServiceFinderTests.swift in Sources */,
			);
			runOnlyForDeploymentPostprocessing = 0;
		};
		9F17EA3428F2F80A00E3D620 /* Sources */ = {
			isa = PBXSourcesBuildPhase;
			buildActionMask = 2147483647;
			files = (
				9F17EA3F28F2F80A00E3D620 /* DNSServiceFinderUITestsLaunchTests.swift in Sources */,
				9F17EA3D28F2F80A00E3D620 /* DNSServiceFinderUITests.swift in Sources */,
			);
			runOnlyForDeploymentPostprocessing = 0;
		};
/* End PBXSourcesBuildPhase section */

/* Begin PBXTargetDependency section */
		9F17EA3028F2F80900E3D620 /* PBXTargetDependency */ = {
			isa = PBXTargetDependency;
			target = 9F17EA1428F2F80800E3D620 /* DNSServiceFinder */;
			targetProxy = 9F17EA2F28F2F80900E3D620 /* PBXContainerItemProxy */;
		};
		9F17EA3A28F2F80A00E3D620 /* PBXTargetDependency */ = {
			isa = PBXTargetDependency;
			target = 9F17EA1428F2F80800E3D620 /* DNSServiceFinder */;
			targetProxy = 9F17EA3928F2F80A00E3D620 /* PBXContainerItemProxy */;
		};
/* End PBXTargetDependency section */

/* Begin PBXVariantGroup section */
		9F17EA1E28F2F80800E3D620 /* Main.storyboard */ = {
			isa = PBXVariantGroup;
			children = (
				9F17EA1F28F2F80800E3D620 /* Base */,
			);
			name = Main.storyboard;
			sourceTree = "<group>";
		};
		9F17EA2628F2F80900E3D620 /* LaunchScreen.storyboard */ = {
			isa = PBXVariantGroup;
			children = (
				9F17EA2728F2F80900E3D620 /* Base */,
			);
			name = LaunchScreen.storyboard;
			sourceTree = "<group>";
		};
/* End PBXVariantGroup section */

/* Begin XCBuildConfiguration section */
		9F17EA4028F2F80A00E3D620 /* Debug */ = {
			isa = XCBuildConfiguration;
			buildSettings = {
				ALWAYS_SEARCH_USER_PATHS = NO;
				CLANG_ANALYZER_NONNULL = YES;
				CLANG_ANALYZER_NUMBER_OBJECT_CONVERSION = YES_AGGRESSIVE;
				CLANG_CXX_LANGUAGE_STANDARD = "gnu++20";
				CLANG_ENABLE_MODULES = YES;
				CLANG_ENABLE_OBJC_ARC = YES;
				CLANG_ENABLE_OBJC_WEAK = YES;
				CLANG_WARN_BLOCK_CAPTURE_AUTORELEASING = YES;
				CLANG_WARN_BOOL_CONVERSION = YES;
				CLANG_WARN_COMMA = YES;
				CLANG_WARN_CONSTANT_CONVERSION = YES;
				CLANG_WARN_DEPRECATED_OBJC_IMPLEMENTATIONS = YES;
				CLANG_WARN_DIRECT_OBJC_ISA_USAGE = YES_ERROR;
				CLANG_WARN_DOCUMENTATION_COMMENTS = YES;
				CLANG_WARN_EMPTY_BODY = YES;
				CLANG_WARN_ENUM_CONVERSION = YES;
				CLANG_WARN_INFINITE_RECURSION = YES;
				CLANG_WARN_INT_CONVERSION = YES;
				CLANG_WARN_NON_LITERAL_NULL_CONVERSION = YES;
				CLANG_WARN_OBJC_IMPLICIT_RETAIN_SELF = YES;
				CLANG_WARN_OBJC_LITERAL_CONVERSION = YES;
				CLANG_WARN_OBJC_ROOT_CLASS = YES_ERROR;
				CLANG_WARN_QUOTED_INCLUDE_IN_FRAMEWORK_HEADER = YES;
				CLANG_WARN_RANGE_LOOP_ANALYSIS = YES;
				CLANG_WARN_STRICT_PROTOTYPES = YES;
				CLANG_WARN_SUSPICIOUS_MOVE = YES;
				CLANG_WARN_UNGUARDED_AVAILABILITY = YES_AGGRESSIVE;
				CLANG_WARN_UNREACHABLE_CODE = YES;
				CLANG_WARN__DUPLICATE_METHOD_MATCH = YES;
				COPY_PHASE_STRIP = NO;
				DEBUG_INFORMATION_FORMAT = dwarf;
				ENABLE_STRICT_OBJC_MSGSEND = YES;
				ENABLE_TESTABILITY = YES;
				GCC_C_LANGUAGE_STANDARD = gnu11;
				GCC_DYNAMIC_NO_PIC = NO;
				GCC_NO_COMMON_BLOCKS = YES;
				GCC_OPTIMIZATION_LEVEL = 0;
				GCC_PREPROCESSOR_DEFINITIONS = (
					"DEBUG=1",
					"$(inherited)",
				);
				GCC_WARN_64_TO_32_BIT_CONVERSION = YES;
				GCC_WARN_ABOUT_RETURN_TYPE = YES_ERROR;
				GCC_WARN_UNDECLARED_SELECTOR = YES;
				GCC_WARN_UNINITIALIZED_AUTOS = YES_AGGRESSIVE;
				GCC_WARN_UNUSED_FUNCTION = YES;
				GCC_WARN_UNUSED_VARIABLE = YES;
				IPHONEOS_DEPLOYMENT_TARGET = 16.0;
				MTL_ENABLE_DEBUG_INFO = INCLUDE_SOURCE;
				MTL_FAST_MATH = YES;
				ONLY_ACTIVE_ARCH = YES;
				SDKROOT = iphoneos;
				SWIFT_ACTIVE_COMPILATION_CONDITIONS = DEBUG;
				SWIFT_OPTIMIZATION_LEVEL = "-Onone";
			};
			name = Debug;
		};
		9F17EA4128F2F80A00E3D620 /* Release */ = {
			isa = XCBuildConfiguration;
			buildSettings = {
				ALWAYS_SEARCH_USER_PATHS = NO;
				CLANG_ANALYZER_NONNULL = YES;
				CLANG_ANALYZER_NUMBER_OBJECT_CONVERSION = YES_AGGRESSIVE;
				CLANG_CXX_LANGUAGE_STANDARD = "gnu++20";
				CLANG_ENABLE_MODULES = YES;
				CLANG_ENABLE_OBJC_ARC = YES;
				CLANG_ENABLE_OBJC_WEAK = YES;
				CLANG_WARN_BLOCK_CAPTURE_AUTORELEASING = YES;
				CLANG_WARN_BOOL_CONVERSION = YES;
				CLANG_WARN_COMMA = YES;
				CLANG_WARN_CONSTANT_CONVERSION = YES;
				CLANG_WARN_DEPRECATED_OBJC_IMPLEMENTATIONS = YES;
				CLANG_WARN_DIRECT_OBJC_ISA_USAGE = YES_ERROR;
				CLANG_WARN_DOCUMENTATION_COMMENTS = YES;
				CLANG_WARN_EMPTY_BODY = YES;
				CLANG_WARN_ENUM_CONVERSION = YES;
				CLANG_WARN_INFINITE_RECURSION = YES;
				CLANG_WARN_INT_CONVERSION = YES;
				CLANG_WARN_NON_LITERAL_NULL_CONVERSION = YES;
				CLANG_WARN_OBJC_IMPLICIT_RETAIN_SELF = YES;
				CLANG_WARN_OBJC_LITERAL_CONVERSION = YES;
				CLANG_WARN_OBJC_ROOT_CLASS = YES_ERROR;
				CLANG_WARN_QUOTED_INCLUDE_IN_FRAMEWORK_HEADER = YES;
				CLANG_WARN_RANGE_LOOP_ANALYSIS = YES;
				CLANG_WARN_STRICT_PROTOTYPES = YES;
				CLANG_WARN_SUSPICIOUS_MOVE = YES;
				CLANG_WARN_UNGUARDED_AVAILABILITY = YES_AGGRESSIVE;
				CLANG_WARN_UNREACHABLE_CODE = YES;
				CLANG_WARN__DUPLICATE_METHOD_MATCH = YES;
				COPY_PHASE_STRIP = NO;
				DEBUG_INFORMATION_FORMAT = "dwarf-with-dsym";
				ENABLE_NS_ASSERTIONS = NO;
				ENABLE_STRICT_OBJC_MSGSEND = YES;
				GCC_C_LANGUAGE_STANDARD = gnu11;
				GCC_NO_COMMON_BLOCKS = YES;
				GCC_WARN_64_TO_32_BIT_CONVERSION = YES;
				GCC_WARN_ABOUT_RETURN_TYPE = YES_ERROR;
				GCC_WARN_UNDECLARED_SELECTOR = YES;
				GCC_WARN_UNINITIALIZED_AUTOS = YES_AGGRESSIVE;
				GCC_WARN_UNUSED_FUNCTION = YES;
				GCC_WARN_UNUSED_VARIABLE = YES;
				IPHONEOS_DEPLOYMENT_TARGET = 16.0;
				MTL_ENABLE_DEBUG_INFO = NO;
				MTL_FAST_MATH = YES;
				SDKROOT = iphoneos;
				SWIFT_COMPILATION_MODE = wholemodule;
				SWIFT_OPTIMIZATION_LEVEL = "-O";
				VALIDATE_PRODUCT = YES;
			};
			name = Release;
		};
		9F17EA4328F2F80A00E3D620 /* Debug */ = {
			isa = XCBuildConfiguration;
			baseConfigurationReference = AD5CB36F9A5E05A9AC0ABC5B /* Pods-DNSServiceFinder.debug.xcconfig */;
			buildSettings = {
				ASSETCATALOG_COMPILER_APPICON_NAME = AppIcon;
				ASSETCATALOG_COMPILER_GLOBAL_ACCENT_COLOR_NAME = AccentColor;
				CODE_SIGN_STYLE = Automatic;
				CURRENT_PROJECT_VERSION = 1;
				DEVELOPMENT_TEAM = K5PR4DUU9Z;
				GENERATE_INFOPLIST_FILE = YES;
				INFOPLIST_FILE = DNSServiceFinder/Info.plist;
				INFOPLIST_KEY_UIApplicationSupportsIndirectInputEvents = YES;
				INFOPLIST_KEY_UILaunchStoryboardName = LaunchScreen;
				INFOPLIST_KEY_UIMainStoryboardFile = Main;
				INFOPLIST_KEY_UISupportedInterfaceOrientations_iPad = "UIInterfaceOrientationPortrait UIInterfaceOrientationPortraitUpsideDown UIInterfaceOrientationLandscapeLeft UIInterfaceOrientationLandscapeRight";
				INFOPLIST_KEY_UISupportedInterfaceOrientations_iPhone = "UIInterfaceOrientationPortrait UIInterfaceOrientationLandscapeLeft UIInterfaceOrientationLandscapeRight";
				LD_RUNPATH_SEARCH_PATHS = (
					"$(inherited)",
					"@executable_path/Frameworks",
				);
				MARKETING_VERSION = 1.0;
				PRODUCT_BUNDLE_IDENTIFIER = Developer.DNSServiceFinder;
				PRODUCT_NAME = "$(TARGET_NAME)";
				SWIFT_EMIT_LOC_STRINGS = YES;
				SWIFT_VERSION = 5.0;
				TARGETED_DEVICE_FAMILY = "1,2";
			};
			name = Debug;
		};
		9F17EA4428F2F80A00E3D620 /* Release */ = {
			isa = XCBuildConfiguration;
			baseConfigurationReference = 1D673FF04C3275CDD74FF5F0 /* Pods-DNSServiceFinder.release.xcconfig */;
			buildSettings = {
				ASSETCATALOG_COMPILER_APPICON_NAME = AppIcon;
				ASSETCATALOG_COMPILER_GLOBAL_ACCENT_COLOR_NAME = AccentColor;
				CODE_SIGN_STYLE = Automatic;
				CURRENT_PROJECT_VERSION = 1;
				DEVELOPMENT_TEAM = K5PR4DUU9Z;
				GENERATE_INFOPLIST_FILE = YES;
				INFOPLIST_FILE = DNSServiceFinder/Info.plist;
				INFOPLIST_KEY_UIApplicationSupportsIndirectInputEvents = YES;
				INFOPLIST_KEY_UILaunchStoryboardName = LaunchScreen;
				INFOPLIST_KEY_UIMainStoryboardFile = Main;
				INFOPLIST_KEY_UISupportedInterfaceOrientations_iPad = "UIInterfaceOrientationPortrait UIInterfaceOrientationPortraitUpsideDown UIInterfaceOrientationLandscapeLeft UIInterfaceOrientationLandscapeRight";
				INFOPLIST_KEY_UISupportedInterfaceOrientations_iPhone = "UIInterfaceOrientationPortrait UIInterfaceOrientationLandscapeLeft UIInterfaceOrientationLandscapeRight";
				LD_RUNPATH_SEARCH_PATHS = (
					"$(inherited)",
					"@executable_path/Frameworks",
				);
				MARKETING_VERSION = 1.0;
				PRODUCT_BUNDLE_IDENTIFIER = Developer.DNSServiceFinder;
				PRODUCT_NAME = "$(TARGET_NAME)";
				SWIFT_EMIT_LOC_STRINGS = YES;
				SWIFT_VERSION = 5.0;
				TARGETED_DEVICE_FAMILY = "1,2";
			};
			name = Release;
		};
		9F17EA4628F2F80A00E3D620 /* Debug */ = {
			isa = XCBuildConfiguration;
			baseConfigurationReference = 16FB1E7F2A2A3E2CF0658DE5 /* Pods-DNSServiceFinderTests.debug.xcconfig */;
			buildSettings = {
				ALWAYS_EMBED_SWIFT_STANDARD_LIBRARIES = YES;
				BUNDLE_LOADER = "$(TEST_HOST)";
				CODE_SIGN_STYLE = Automatic;
				CURRENT_PROJECT_VERSION = 1;
				DEVELOPMENT_TEAM = K5PR4DUU9Z;
				GENERATE_INFOPLIST_FILE = YES;
				IPHONEOS_DEPLOYMENT_TARGET = 16.0;
				MARKETING_VERSION = 1.0;
				PRODUCT_BUNDLE_IDENTIFIER = Developer.DNSServiceFinderTests;
				PRODUCT_NAME = "$(TARGET_NAME)";
				SWIFT_EMIT_LOC_STRINGS = NO;
				SWIFT_VERSION = 5.0;
				TARGETED_DEVICE_FAMILY = "1,2";
				TEST_HOST = "$(BUILT_PRODUCTS_DIR)/DNSServiceFinder.app/$(BUNDLE_EXECUTABLE_FOLDER_PATH)/DNSServiceFinder";
			};
			name = Debug;
		};
		9F17EA4728F2F80A00E3D620 /* Release */ = {
			isa = XCBuildConfiguration;
			baseConfigurationReference = 7A8824AD94922C700E562887 /* Pods-DNSServiceFinderTests.release.xcconfig */;
			buildSettings = {
				ALWAYS_EMBED_SWIFT_STANDARD_LIBRARIES = YES;
				BUNDLE_LOADER = "$(TEST_HOST)";
				CODE_SIGN_STYLE = Automatic;
				CURRENT_PROJECT_VERSION = 1;
				DEVELOPMENT_TEAM = K5PR4DUU9Z;
				GENERATE_INFOPLIST_FILE = YES;
				IPHONEOS_DEPLOYMENT_TARGET = 16.0;
				MARKETING_VERSION = 1.0;
				PRODUCT_BUNDLE_IDENTIFIER = Developer.DNSServiceFinderTests;
				PRODUCT_NAME = "$(TARGET_NAME)";
				SWIFT_EMIT_LOC_STRINGS = NO;
				SWIFT_VERSION = 5.0;
				TARGETED_DEVICE_FAMILY = "1,2";
				TEST_HOST = "$(BUILT_PRODUCTS_DIR)/DNSServiceFinder.app/$(BUNDLE_EXECUTABLE_FOLDER_PATH)/DNSServiceFinder";
			};
			name = Release;
		};
		9F17EA4928F2F80A00E3D620 /* Debug */ = {
			isa = XCBuildConfiguration;
			baseConfigurationReference = 711EA25F2B5992EF56CF3AE1 /* Pods-DNSServiceFinder-DNSServiceFinderUITests.debug.xcconfig */;
			buildSettings = {
				ALWAYS_EMBED_SWIFT_STANDARD_LIBRARIES = YES;
				CODE_SIGN_STYLE = Automatic;
				CURRENT_PROJECT_VERSION = 1;
				DEVELOPMENT_TEAM = K5PR4DUU9Z;
				GENERATE_INFOPLIST_FILE = YES;
				MARKETING_VERSION = 1.0;
				PRODUCT_BUNDLE_IDENTIFIER = Developer.DNSServiceFinderUITests;
				PRODUCT_NAME = "$(TARGET_NAME)";
				SWIFT_EMIT_LOC_STRINGS = NO;
				SWIFT_VERSION = 5.0;
				TARGETED_DEVICE_FAMILY = "1,2";
				TEST_TARGET_NAME = DNSServiceFinder;
			};
			name = Debug;
		};
		9F17EA4A28F2F80A00E3D620 /* Release */ = {
			isa = XCBuildConfiguration;
			baseConfigurationReference = E50E1E47C1EB97AD1D38E76B /* Pods-DNSServiceFinder-DNSServiceFinderUITests.release.xcconfig */;
			buildSettings = {
				ALWAYS_EMBED_SWIFT_STANDARD_LIBRARIES = YES;
				CODE_SIGN_STYLE = Automatic;
				CURRENT_PROJECT_VERSION = 1;
				DEVELOPMENT_TEAM = K5PR4DUU9Z;
				GENERATE_INFOPLIST_FILE = YES;
				MARKETING_VERSION = 1.0;
				PRODUCT_BUNDLE_IDENTIFIER = Developer.DNSServiceFinderUITests;
				PRODUCT_NAME = "$(TARGET_NAME)";
				SWIFT_EMIT_LOC_STRINGS = NO;
				SWIFT_VERSION = 5.0;
				TARGETED_DEVICE_FAMILY = "1,2";
				TEST_TARGET_NAME = DNSServiceFinder;
			};
			name = Release;
		};
/* End XCBuildConfiguration section */

/* Begin XCConfigurationList section */
		9F17EA1028F2F80800E3D620 /* Build configuration list for PBXProject "DNSServiceFinder" */ = {
			isa = XCConfigurationList;
			buildConfigurations = (
				9F17EA4028F2F80A00E3D620 /* Debug */,
				9F17EA4128F2F80A00E3D620 /* Release */,
			);
			defaultConfigurationIsVisible = 0;
			defaultConfigurationName = Release;
		};
		9F17EA4228F2F80A00E3D620 /* Build configuration list for PBXNativeTarget "DNSServiceFinder" */ = {
			isa = XCConfigurationList;
			buildConfigurations = (
				9F17EA4328F2F80A00E3D620 /* Debug */,
				9F17EA4428F2F80A00E3D620 /* Release */,
			);
			defaultConfigurationIsVisible = 0;
			defaultConfigurationName = Release;
		};
		9F17EA4528F2F80A00E3D620 /* Build configuration list for PBXNativeTarget "DNSServiceFinderTests" */ = {
			isa = XCConfigurationList;
			buildConfigurations = (
				9F17EA4628F2F80A00E3D620 /* Debug */,
				9F17EA4728F2F80A00E3D620 /* Release */,
			);
			defaultConfigurationIsVisible = 0;
			defaultConfigurationName = Release;
		};
		9F17EA4828F2F80A00E3D620 /* Build configuration list for PBXNativeTarget "DNSServiceFinderUITests" */ = {
			isa = XCConfigurationList;
			buildConfigurations = (
				9F17EA4928F2F80A00E3D620 /* Debug */,
				9F17EA4A28F2F80A00E3D620 /* Release */,
			);
			defaultConfigurationIsVisible = 0;
			defaultConfigurationName = Release;
		};
/* End XCConfigurationList section */

/* Begin XCVersionGroup section */
		9F17EA2128F2F80800E3D620 /* DNSServiceFinder.xcdatamodeld */ = {
			isa = XCVersionGroup;
			children = (
				9F17EA2228F2F80800E3D620 /* DNSServiceFinder.xcdatamodel */,
			);
			currentVersion = 9F17EA2228F2F80800E3D620 /* DNSServiceFinder.xcdatamodel */;
			path = DNSServiceFinder.xcdatamodeld;
			sourceTree = "<group>";
			versionGroupType = wrapper.xcdatamodel;
		};
/* End XCVersionGroup section */
	};
	rootObject = 9F17EA0D28F2F80800E3D620 /* Project object */;
}
